
Microsoft Visual Studio Solution File, Format Version 12.00
# Visual Studio Version 16
VisualStudioVersion = 16.0.31624.102
MinimumVisualStudioVersion = 10.0.40219.1
Project("{FAE04EC0-301F-11D3-BF4B-00C04F79EFBC}") = "CSharp_Basics", "CSharp_Basics\CSharp_Basics.csproj", "{6DBB87E9-21E5-49D1-A114-01C9862F234A}"
EndProject
Project("{FAE04EC0-301F-11D3-BF4B-00C04F79EFBC}") = "CSharp_Intermediate", "CSharp_Intermediate\CSharp_Intermediate.csproj", "{D724C32C-C073-4744-81CC-C127D29AADC6}"
EndProject
Global
	GlobalSection(SolutionConfigurationPlatforms) = preSolution
		Debug|Any CPU = Debug|Any CPU
		Release|Any CPU = Release|Any CPU
	EndGlobalSection
	GlobalSection(ProjectConfigurationPlatforms) = postSolution
		{6DBB87E9-21E5-49D1-A114-01C9862F234A}.Debug|Any CPU.ActiveCfg = Debug|Any CPU
		{6DBB87E9-21E5-49D1-A114-01C9862F234A}.Debug|Any CPU.Build.0 = Debug|Any CPU
		{6DBB87E9-21E5-49D1-A114-01C9862F234A}.Release|Any CPU.ActiveCfg = Release|Any CPU
		{6DBB87E9-21E5-49D1-A114-01C9862F234A}.Release|Any CPU.Build.0 = Release|Any CPU
		{D724C32C-C073-4744-81CC-C127D29AADC6}.Debug|Any CPU.ActiveCfg = Debug|Any CPU
		{D724C32C-C073-4744-81CC-C127D29AADC6}.Debug|Any CPU.Build.0 = Debug|Any CPU
		{D724C32C-C073-4744-81CC-C127D29AADC6}.Release|Any CPU.ActiveCfg = Release|Any CPU
		{D724C32C-C073-4744-81CC-C127D29AADC6}.Release|Any CPU.Build.0 = Release|Any CPU
	EndGlobalSection
	GlobalSection(SolutionProperties) = preSolution
		HideSolutionNode = FALSE
	EndGlobalSection
	GlobalSection(ExtensibilityGlobals) = postSolution
		SolutionGuid = {814B8769-D303-4866-9E1F-EB3EF4BDD2C1}
	EndGlobalSection
EndGlobal
